{
  "requires": true,
  "lockfileVersion": 1,
  "dependencies": {
    "m3u8-parser": {
      "version": "4.0.0",
      "resolved": "https://registry.npmjs.org/m3u8-parser/-/m3u8-parser-4.0.0.tgz",
      "integrity": "sha512-t6hqmhcb3K5l0drk8r8vB7PSSg48K1UBbs2g9ma13qJYtT76lEhafQl/gw6gHPe7Ftkpb7Q6ejrFZ3806K90KQ=="
    },
    "playlist-parser": {
      "version": "0.0.12",
      "resolved": "https://registry.npmjs.org/playlist-parser/-/playlist-parser-0.0.12.tgz",
      "integrity": "sha1-QlDlsRdxrWghOYO/m7bsq2Td9SY=",
      "requires": {
        "xmldom": "0.1.16"
      }
    },
    "xmldom": {
      "version": "0.1.16",
      "resolved": "https://registry.npmjs.org/xmldom/-/xmldom-0.1.16.tgz",
      "integrity": "sha1-zyYCgysatcPmgT/KCP5wGWuhXow="
    }
  }
}
